
Microsoft Visual Studio Solution File, Format Version 11.00
# Visual Studio 2010
Project("{FAE04EC0-301F-11D3-BF4B-00C04F79EFBC}") = "droneFlightSimulator", "Assembly-CSharp.csproj", "{4B01E083-32D8-165E-AC69-9BF26FCB22E1}"
EndProject
Project("{FAE04EC0-301F-11D3-BF4B-00C04F79EFBC}") = "droneFlightSimulator", "Assembly-CSharp-Editor.csproj", "{57748128-E9C6-BE72-99CB-278DDE6A97CD}"
EndProject
Global
	GlobalSection(SolutionConfigurationPlatforms) = preSolution
		Debug|Any CPU = Debug|Any CPU
		Release|Any CPU = Release|Any CPU
	EndGlobalSection
	GlobalSection(ProjectConfigurationPlatforms) = postSolution
		{4B01E083-32D8-165E-AC69-9BF26FCB22E1}.Debug|Any CPU.ActiveCfg = Debug|Any CPU
		{4B01E083-32D8-165E-AC69-9BF26FCB22E1}.Debug|Any CPU.Build.0 = Debug|Any CPU
		{4B01E083-32D8-165E-AC69-9BF26FCB22E1}.Release|Any CPU.ActiveCfg = Release|Any CPU
		{4B01E083-32D8-165E-AC69-9BF26FCB22E1}.Release|Any CPU.Build.0 = Release|Any CPU
		{57748128-E9C6-BE72-99CB-278DDE6A97CD}.Debug|Any CPU.ActiveCfg = Debug|Any CPU
		{57748128-E9C6-BE72-99CB-278DDE6A97CD}.Debug|Any CPU.Build.0 = Debug|Any CPU
		{57748128-E9C6-BE72-99CB-278DDE6A97CD}.Release|Any CPU.ActiveCfg = Release|Any CPU
		{57748128-E9C6-BE72-99CB-278DDE6A97CD}.Release|Any CPU.Build.0 = Release|Any CPU
	EndGlobalSection
	GlobalSection(SolutionProperties) = preSolution
		HideSolutionNode = FALSE
	EndGlobalSection
	GlobalSection(MonoDevelopProperties) = preSolution
		StartupItem = Assembly-CSharp.csproj
	EndGlobalSection
EndGlobal
